
Microsoft Visual Studio Solution File, Format Version 12.00
# Visual Studio Version 17
VisualStudioVersion = 17.5.33627.172
MinimumVisualStudioVersion = 10.0.40219.1
Project("{FAE04EC0-301F-11D3-BF4B-00C04F79EFBC}") = "Demo.PL", "Demo.PL\Demo.PL.csproj", "{7F312B6C-C34F-4141-B152-DFC67D53A906}"
EndProject
Project("{FAE04EC0-301F-11D3-BF4B-00C04F79EFBC}") = "Demo.DAL", "Demo.DAL\Demo.DAL.csproj", "{37D74A7F-3800-40CB-95FE-ED92E4D69EC3}"
EndProject
Project("{FAE04EC0-301F-11D3-BF4B-00C04F79EFBC}") = "Demo.BLL", "Demo.BLL\Demo.BLL.csproj", "{C86541C8-DECF-4093-90B7-68B0E8BB9A1C}"
EndProject
Global
	GlobalSection(SolutionConfigurationPlatforms) = preSolution
		Debug|Any CPU = Debug|Any CPU
		Release|Any CPU = Release|Any CPU
	EndGlobalSection
	GlobalSection(ProjectConfigurationPlatforms) = postSolution
		{7F312B6C-C34F-4141-B152-DFC67D53A906}.Debug|Any CPU.ActiveCfg = Debug|Any CPU
		{7F312B6C-C34F-4141-B152-DFC67D53A906}.Debug|Any CPU.Build.0 = Debug|Any CPU
		{7F312B6C-C34F-4141-B152-DFC67D53A906}.Release|Any CPU.ActiveCfg = Release|Any CPU
		{7F312B6C-C34F-4141-B152-DFC67D53A906}.Release|Any CPU.Build.0 = Release|Any CPU
		{37D74A7F-3800-40CB-95FE-ED92E4D69EC3}.Debug|Any CPU.ActiveCfg = Debug|Any CPU
		{37D74A7F-3800-40CB-95FE-ED92E4D69EC3}.Debug|Any CPU.Build.0 = Debug|Any CPU
		{37D74A7F-3800-40CB-95FE-ED92E4D69EC3}.Release|Any CPU.ActiveCfg = Release|Any CPU
		{37D74A7F-3800-40CB-95FE-ED92E4D69EC3}.Release|Any CPU.Build.0 = Release|Any CPU
		{C86541C8-DECF-4093-90B7-68B0E8BB9A1C}.Debug|Any CPU.ActiveCfg = Debug|Any CPU
		{C86541C8-DECF-4093-90B7-68B0E8BB9A1C}.Debug|Any CPU.Build.0 = Debug|Any CPU
		{C86541C8-DECF-4093-90B7-68B0E8BB9A1C}.Release|Any CPU.ActiveCfg = Release|Any CPU
		{C86541C8-DECF-4093-90B7-68B0E8BB9A1C}.Release|Any CPU.Build.0 = Release|Any CPU
	EndGlobalSection
	GlobalSection(SolutionProperties) = preSolution
		HideSolutionNode = FALSE
	EndGlobalSection
	GlobalSection(ExtensibilityGlobals) = postSolution
		SolutionGuid = {06C9E251-06D7-40F5-A671-4B5CAF954E02}
	EndGlobalSection
EndGlobal
